
Microsoft Visual Studio Solution File, Format Version 12.00
# Visual Studio 2012
Project("{FAE04EC0-301F-11D3-BF4B-00C04F79EFBC}") = "JustifiedXamarin", "JustifiedXamarin.csproj", "{2C00588F-C0D7-4C9F-82A6-C2D3A2996A1B}"
EndProject
Project("{FAE04EC0-301F-11D3-BF4B-00C04F79EFBC}") = "JustifiedXamarin.UITests", "JustifiedXamarin.UITests\JustifiedXamarin.UITests.csproj", "{3070EFA7-CC8E-46E8-A723-5830EC2FFDC2}"
EndProject
Global
	GlobalSection(SolutionConfigurationPlatforms) = preSolution
		Debug|Any CPU = Debug|Any CPU
		Release|Any CPU = Release|Any CPU
	EndGlobalSection
	GlobalSection(ProjectConfigurationPlatforms) = postSolution
		{2C00588F-C0D7-4C9F-82A6-C2D3A2996A1B}.Debug|Any CPU.ActiveCfg = Debug|Any CPU
		{2C00588F-C0D7-4C9F-82A6-C2D3A2996A1B}.Debug|Any CPU.Build.0 = Debug|Any CPU
		{2C00588F-C0D7-4C9F-82A6-C2D3A2996A1B}.Release|Any CPU.ActiveCfg = Release|Any CPU
		{2C00588F-C0D7-4C9F-82A6-C2D3A2996A1B}.Release|Any CPU.Build.0 = Release|Any CPU
		{3070EFA7-CC8E-46E8-A723-5830EC2FFDC2}.Debug|Any CPU.ActiveCfg = Debug|Any CPU
		{3070EFA7-CC8E-46E8-A723-5830EC2FFDC2}.Debug|Any CPU.Build.0 = Debug|Any CPU
		{3070EFA7-CC8E-46E8-A723-5830EC2FFDC2}.Release|Any CPU.ActiveCfg = Release|Any CPU
		{3070EFA7-CC8E-46E8-A723-5830EC2FFDC2}.Release|Any CPU.Build.0 = Release|Any CPU
	EndGlobalSection
EndGlobal
